
Microsoft Visual Studio Solution File, Format Version 12.00
# Visual Studio Version 17
VisualStudioVersion = 17.14.36811.4
MinimumVisualStudioVersion = 10.0.40219.1
Project("{FAE04EC0-301F-11D3-BF4B-00C04F79EFBC}") = "ProiectMedii(Anime & Manga Tracking)", "..\ProiectMedii-Anime-Manga-Tracking-\ProiectMedii(Anime & Manga Tracking).csproj", "{5AC1C13A-65F6-5A4A-A4C9-DED66879B58A}"
EndProject
Global
	GlobalSection(SolutionConfigurationPlatforms) = preSolution
		Debug|Any CPU = Debug|Any CPU
		Debug|x64 = Debug|x64
		Debug|x86 = Debug|x86
		Release|Any CPU = Release|Any CPU
		Release|x64 = Release|x64
		Release|x86 = Release|x86
	EndGlobalSection
	GlobalSection(ProjectConfigurationPlatforms) = postSolution
		{5AC1C13A-65F6-5A4A-A4C9-DED66879B58A}.Debug|Any CPU.ActiveCfg = Debug|Any CPU
		{5AC1C13A-65F6-5A4A-A4C9-DED66879B58A}.Debug|Any CPU.Build.0 = Debug|Any CPU
		{5AC1C13A-65F6-5A4A-A4C9-DED66879B58A}.Debug|x64.ActiveCfg = Debug|Any CPU
		{5AC1C13A-65F6-5A4A-A4C9-DED66879B58A}.Debug|x64.Build.0 = Debug|Any CPU
		{5AC1C13A-65F6-5A4A-A4C9-DED66879B58A}.Debug|x86.ActiveCfg = Debug|Any CPU
		{5AC1C13A-65F6-5A4A-A4C9-DED66879B58A}.Debug|x86.Build.0 = Debug|Any CPU
		{5AC1C13A-65F6-5A4A-A4C9-DED66879B58A}.Release|Any CPU.ActiveCfg = Release|Any CPU
		{5AC1C13A-65F6-5A4A-A4C9-DED66879B58A}.Release|Any CPU.Build.0 = Release|Any CPU
		{5AC1C13A-65F6-5A4A-A4C9-DED66879B58A}.Release|x64.ActiveCfg = Release|Any CPU
		{5AC1C13A-65F6-5A4A-A4C9-DED66879B58A}.Release|x64.Build.0 = Release|Any CPU
		{5AC1C13A-65F6-5A4A-A4C9-DED66879B58A}.Release|x86.ActiveCfg = Release|Any CPU
		{5AC1C13A-65F6-5A4A-A4C9-DED66879B58A}.Release|x86.Build.0 = Release|Any CPU
	EndGlobalSection
	GlobalSection(SolutionProperties) = preSolution
		HideSolutionNode = FALSE
	EndGlobalSection
	GlobalSection(ExtensibilityGlobals) = postSolution
		SolutionGuid = {08AA3941-68D0-4EA2-BF46-F5EA72B0613A}
	EndGlobalSection
EndGlobal
